
Microsoft Visual Studio Solution File, Format Version 12.00
# Visual Studio Version 17
VisualStudioVersion = 17.13.35913.81 d17.13
MinimumVisualStudioVersion = 10.0.40219.1
Project("{8BC9CEB8-8B4A-11D0-8D11-00A0C91BC942}") = "projeto c++ 2", "projeto c++ 2.vcxproj", "{E24EEB7C-3176-4964-BFCA-3669D5FB3063}"
EndProject
Global
	GlobalSection(SolutionConfigurationPlatforms) = preSolution
		Debug|x64 = Debug|x64
		Debug|x86 = Debug|x86
		Release|x64 = Release|x64
		Release|x86 = Release|x86
	EndGlobalSection
	GlobalSection(ProjectConfigurationPlatforms) = postSolution
		{E24EEB7C-3176-4964-BFCA-3669D5FB3063}.Debug|x64.ActiveCfg = Debug|x64
		{E24EEB7C-3176-4964-BFCA-3669D5FB3063}.Debug|x64.Build.0 = Debug|x64
		{E24EEB7C-3176-4964-BFCA-3669D5FB3063}.Debug|x86.ActiveCfg = Debug|Win32
		{E24EEB7C-3176-4964-BFCA-3669D5FB3063}.Debug|x86.Build.0 = Debug|Win32
		{E24EEB7C-3176-4964-BFCA-3669D5FB3063}.Release|x64.ActiveCfg = Release|x64
		{E24EEB7C-3176-4964-BFCA-3669D5FB3063}.Release|x64.Build.0 = Release|x64
		{E24EEB7C-3176-4964-BFCA-3669D5FB3063}.Release|x86.ActiveCfg = Release|Win32
		{E24EEB7C-3176-4964-BFCA-3669D5FB3063}.Release|x86.Build.0 = Release|Win32
	EndGlobalSection
	GlobalSection(SolutionProperties) = preSolution
		HideSolutionNode = FALSE
	EndGlobalSection
	GlobalSection(ExtensibilityGlobals) = postSolution
		SolutionGuid = {941B6DA0-97D6-4CDE-B81F-3832C3943AA8}
	EndGlobalSection
EndGlobal
