
Microsoft Visual Studio Solution File, Format Version 12.00
# Visual Studio Version 17
VisualStudioVersion = 17.5.33516.290
MinimumVisualStudioVersion = 10.0.40219.1
Project("{8BC9CEB8-8B4A-11D0-8D11-00A0C91BC942}") = "atividades de algoritmos", "atividades de algoritmos\atividades de algoritmos.vcxproj", "{437DC50C-6C8F-46BC-B323-188011AD9748}"
EndProject
Global
	GlobalSection(SolutionConfigurationPlatforms) = preSolution
		Debug|x64 = Debug|x64
		Debug|x86 = Debug|x86
		Release|x64 = Release|x64
		Release|x86 = Release|x86
	EndGlobalSection
	GlobalSection(ProjectConfigurationPlatforms) = postSolution
		{437DC50C-6C8F-46BC-B323-188011AD9748}.Debug|x64.ActiveCfg = Debug|x64
		{437DC50C-6C8F-46BC-B323-188011AD9748}.Debug|x64.Build.0 = Debug|x64
		{437DC50C-6C8F-46BC-B323-188011AD9748}.Debug|x86.ActiveCfg = Debug|Win32
		{437DC50C-6C8F-46BC-B323-188011AD9748}.Debug|x86.Build.0 = Debug|Win32
		{437DC50C-6C8F-46BC-B323-188011AD9748}.Release|x64.ActiveCfg = Release|x64
		{437DC50C-6C8F-46BC-B323-188011AD9748}.Release|x64.Build.0 = Release|x64
		{437DC50C-6C8F-46BC-B323-188011AD9748}.Release|x86.ActiveCfg = Release|Win32
		{437DC50C-6C8F-46BC-B323-188011AD9748}.Release|x86.Build.0 = Release|Win32
	EndGlobalSection
	GlobalSection(SolutionProperties) = preSolution
		HideSolutionNode = FALSE
	EndGlobalSection
	GlobalSection(ExtensibilityGlobals) = postSolution
		SolutionGuid = {3F40838D-808E-4B52-A5CB-270877DF11EA}
	EndGlobalSection
EndGlobal
